// !$*UTF8*$!
{
	archiveVersion = 1;
	classes = {
	};
	objectVersion = 56;
	objects = {

/* Begin PBXBuildFile section */
		5D32F9ED2AC3741E00D82544 /* ActivityTableViewCell.swift in Sources */ = {isa = PBXBuildFile; fileRef = 5D32F9EC2AC3741E00D82544 /* ActivityTableViewCell.swift */; };
		5D3858B22B2DEBF300B37CB0 /* ChartData.swift in Sources */ = {isa = PBXBuildFile; fileRef = 5D3858B12B2DEBF300B37CB0 /* ChartData.swift */; };
		760EFE742A8BFF55000C8776 /* TypeStore.swift in Sources */ = {isa = PBXBuildFile; fileRef = 760EFE732A8BFF55000C8776 /* TypeStore.swift */; };
		760EFE762A8BFF73000C8776 /* ActivityType.swift in Sources */ = {isa = PBXBuildFile; fileRef = 760EFE752A8BFF73000C8776 /* ActivityType.swift */; };
		760EFE782A8BFFE4000C8776 /* UtilityExtensions.swift in Sources */ = {isa = PBXBuildFile; fileRef = 760EFE772A8BFFE4000C8776 /* UtilityExtensions.swift */; };
		760EFE7A2A8C13D6000C8776 /* TypeManagerTableViewController.swift in Sources */ = {isa = PBXBuildFile; fileRef = 760EFE792A8C13D6000C8776 /* TypeManagerTableViewController.swift */; };
		762313222B13612900A6B238 /* DayActivityChart.swift in Sources */ = {isa = PBXBuildFile; fileRef = 762313212B13612900A6B238 /* DayActivityChart.swift */; };
		7638BB9D2B345D1F004DE36D /* ActivityTableViewDiffableDataSource.swift in Sources */ = {isa = PBXBuildFile; fileRef = 7638BB9C2B345D1F004DE36D /* ActivityTableViewDiffableDataSource.swift */; };
		7642D7402B035B510035E225 /* SelfSizingCollectionView.swift in Sources */ = {isa = PBXBuildFile; fileRef = 7642D73F2B035B510035E225 /* SelfSizingCollectionView.swift */; };
		7642D7462B03E0B90035E225 /* TimeStartTableViewCell.swift in Sources */ = {isa = PBXBuildFile; fileRef = 7642D7452B03E0B90035E225 /* TimeStartTableViewCell.swift */; };
		7642D7482B03E8BB0035E225 /* TimeFinishTableViewCell.swift in Sources */ = {isa = PBXBuildFile; fileRef = 7642D7472B03E8BB0035E225 /* TimeFinishTableViewCell.swift */; };
		76456DED2AFBAC6100690A21 /* ActivityEditTableViewController.swift in Sources */ = {isa = PBXBuildFile; fileRef = 76456DEC2AFBAC6100690A21 /* ActivityEditTableViewController.swift */; };
		764A92732A9914B3006402BE /* Activity.swift in Sources */ = {isa = PBXBuildFile; fileRef = 764A92722A9914B3006402BE /* Activity.swift */; };
		764A92752A991759006402BE /* ActivityStore.swift in Sources */ = {isa = PBXBuildFile; fileRef = 764A92742A991759006402BE /* ActivityStore.swift */; };
		7669F5C92A86B461003F75ED /* AppDelegate.swift in Sources */ = {isa = PBXBuildFile; fileRef = 7669F5C82A86B461003F75ED /* AppDelegate.swift */; };
		7669F5CB2A86B461003F75ED /* SceneDelegate.swift in Sources */ = {isa = PBXBuildFile; fileRef = 7669F5CA2A86B461003F75ED /* SceneDelegate.swift */; };
		7669F5CD2A86B461003F75ED /* MainViewController.swift in Sources */ = {isa = PBXBuildFile; fileRef = 7669F5CC2A86B461003F75ED /* MainViewController.swift */; };
		7669F5D22A86B462003F75ED /* Assets.xcassets in Resources */ = {isa = PBXBuildFile; fileRef = 7669F5D12A86B462003F75ED /* Assets.xcassets */; };
		7669F5D52A86B462003F75ED /* LaunchScreen.storyboard in Resources */ = {isa = PBXBuildFile; fileRef = 7669F5D32A86B462003F75ED /* LaunchScreen.storyboard */; };
		7669F5DD2A87FA64003F75ED /* NewActivityVIew.swift in Sources */ = {isa = PBXBuildFile; fileRef = 7669F5DC2A87FA64003F75ED /* NewActivityVIew.swift */; };
		767B10702A939DF200E55ED8 /* TypeEditorViewController.swift in Sources */ = {isa = PBXBuildFile; fileRef = 767B106F2A939DF200E55ED8 /* TypeEditorViewController.swift */; };
		767B10722A93A70A00E55ED8 /* ColorPickerSection.swift in Sources */ = {isa = PBXBuildFile; fileRef = 767B10712A93A70A00E55ED8 /* ColorPickerSection.swift */; };
		767B10742A9541FB00E55ED8 /* EmojiTextField.swift in Sources */ = {isa = PBXBuildFile; fileRef = 767B10732A9541FB00E55ED8 /* EmojiTextField.swift */; };
		767CEDF32AFD63FD009CEA4D /* ActivityTypePickerTableViewCell.swift in Sources */ = {isa = PBXBuildFile; fileRef = 767CEDF22AFD63FD009CEA4D /* ActivityTypePickerTableViewCell.swift */; };
		767CEDF52B024822009CEA4D /* ActivityTypeCollectionViewCell.swift in Sources */ = {isa = PBXBuildFile; fileRef = 767CEDF42B024822009CEA4D /* ActivityTypeCollectionViewCell.swift */; };
		768A1AED2A914D48008C4CAC /* TypeManagerTableViewCell.swift in Sources */ = {isa = PBXBuildFile; fileRef = 768A1AEC2A914D48008C4CAC /* TypeManagerTableViewCell.swift */; };
		76B0896C2BEB68FB00EA63D1 /* README.md in Resources */ = {isa = PBXBuildFile; fileRef = 76B0896B2BEB68FB00EA63D1 /* README.md */; };
		76F764FC2AFCE8210086C269 /* TextViewTableViewCell.swift in Sources */ = {isa = PBXBuildFile; fileRef = 76F764FB2AFCE8210086C269 /* TextViewTableViewCell.swift */; };
/* End PBXBuildFile section */

/* Begin PBXFileReference section */
		5D32F9EC2AC3741E00D82544 /* ActivityTableViewCell.swift */ = {isa = PBXFileReference; lastKnownFileType = sourcecode.swift; path = ActivityTableViewCell.swift; sourceTree = "<group>"; };
		5D3858B12B2DEBF300B37CB0 /* ChartData.swift */ = {isa = PBXFileReference; lastKnownFileType = sourcecode.swift; path = ChartData.swift; sourceTree = "<group>"; };
		760EFE732A8BFF55000C8776 /* TypeStore.swift */ = {isa = PBXFileReference; lastKnownFileType = sourcecode.swift; path = TypeStore.swift; sourceTree = "<group>"; };
		760EFE752A8BFF73000C8776 /* ActivityType.swift */ = {isa = PBXFileReference; lastKnownFileType = sourcecode.swift; path = ActivityType.swift; sourceTree = "<group>"; };
		760EFE772A8BFFE4000C8776 /* UtilityExtensions.swift */ = {isa = PBXFileReference; lastKnownFileType = sourcecode.swift; path = UtilityExtensions.swift; sourceTree = "<group>"; };
		760EFE792A8C13D6000C8776 /* TypeManagerTableViewController.swift */ = {isa = PBXFileReference; lastKnownFileType = sourcecode.swift; path = TypeManagerTableViewController.swift; sourceTree = "<group>"; };
		762313212B13612900A6B238 /* DayActivityChart.swift */ = {isa = PBXFileReference; fileEncoding = 4; lastKnownFileType = sourcecode.swift; path = DayActivityChart.swift; sourceTree = "<group>"; };
		7638BB9C2B345D1F004DE36D /* ActivityTableViewDiffableDataSource.swift */ = {isa = PBXFileReference; lastKnownFileType = sourcecode.swift; name = ActivityTableViewDiffableDataSource.swift; path = DailyActivities/ActivityTableViewDiffableDataSource.swift; sourceTree = SOURCE_ROOT; };
		7642D73F2B035B510035E225 /* SelfSizingCollectionView.swift */ = {isa = PBXFileReference; lastKnownFileType = sourcecode.swift; path = SelfSizingCollectionView.swift; sourceTree = "<group>"; };
		7642D7452B03E0B90035E225 /* TimeStartTableViewCell.swift */ = {isa = PBXFileReference; lastKnownFileType = sourcecode.swift; path = TimeStartTableViewCell.swift; sourceTree = "<group>"; };
		7642D7472B03E8BB0035E225 /* TimeFinishTableViewCell.swift */ = {isa = PBXFileReference; lastKnownFileType = sourcecode.swift; path = TimeFinishTableViewCell.swift; sourceTree = "<group>"; };
		76456DEC2AFBAC6100690A21 /* ActivityEditTableViewController.swift */ = {isa = PBXFileReference; lastKnownFileType = sourcecode.swift; path = ActivityEditTableViewController.swift; sourceTree = "<group>"; };
		764A92722A9914B3006402BE /* Activity.swift */ = {isa = PBXFileReference; lastKnownFileType = sourcecode.swift; path = Activity.swift; sourceTree = "<group>"; };
		764A92742A991759006402BE /* ActivityStore.swift */ = {isa = PBXFileReference; lastKnownFileType = sourcecode.swift; path = ActivityStore.swift; sourceTree = "<group>"; };
		7669F5C52A86B461003F75ED /* DailyActivities.app */ = {isa = PBXFileReference; explicitFileType = wrapper.application; includeInIndex = 0; path = DailyActivities.app; sourceTree = BUILT_PRODUCTS_DIR; };
		7669F5C82A86B461003F75ED /* AppDelegate.swift */ = {isa = PBXFileReference; lastKnownFileType = sourcecode.swift; path = AppDelegate.swift; sourceTree = "<group>"; };
		7669F5CA2A86B461003F75ED /* SceneDelegate.swift */ = {isa = PBXFileReference; lastKnownFileType = sourcecode.swift; path = SceneDelegate.swift; sourceTree = "<group>"; };
		7669F5CC2A86B461003F75ED /* MainViewController.swift */ = {isa = PBXFileReference; lastKnownFileType = sourcecode.swift; path = MainViewController.swift; sourceTree = "<group>"; };
		7669F5D12A86B462003F75ED /* Assets.xcassets */ = {isa = PBXFileReference; lastKnownFileType = folder.assetcatalog; path = Assets.xcassets; sourceTree = "<group>"; };
		7669F5D42A86B462003F75ED /* Base */ = {isa = PBXFileReference; lastKnownFileType = file.storyboard; name = Base; path = Base.lproj/LaunchScreen.storyboard; sourceTree = "<group>"; };
		7669F5D62A86B462003F75ED /* Info.plist */ = {isa = PBXFileReference; lastKnownFileType = text.plist.xml; path = Info.plist; sourceTree = "<group>"; };
		7669F5DC2A87FA64003F75ED /* NewActivityVIew.swift */ = {isa = PBXFileReference; lastKnownFileType = sourcecode.swift; path = NewActivityVIew.swift; sourceTree = "<group>"; };
		767B106F2A939DF200E55ED8 /* TypeEditorViewController.swift */ = {isa = PBXFileReference; lastKnownFileType = sourcecode.swift; path = TypeEditorViewController.swift; sourceTree = "<group>"; };
		767B10712A93A70A00E55ED8 /* ColorPickerSection.swift */ = {isa = PBXFileReference; lastKnownFileType = sourcecode.swift; path = ColorPickerSection.swift; sourceTree = "<group>"; };
		767B10732A9541FB00E55ED8 /* EmojiTextField.swift */ = {isa = PBXFileReference; lastKnownFileType = sourcecode.swift; path = EmojiTextField.swift; sourceTree = "<group>"; };
		767CEDF22AFD63FD009CEA4D /* ActivityTypePickerTableViewCell.swift */ = {isa = PBXFileReference; lastKnownFileType = sourcecode.swift; path = ActivityTypePickerTableViewCell.swift; sourceTree = "<group>"; };
		767CEDF42B024822009CEA4D /* ActivityTypeCollectionViewCell.swift */ = {isa = PBXFileReference; lastKnownFileType = sourcecode.swift; path = ActivityTypeCollectionViewCell.swift; sourceTree = "<group>"; };
		768A1AEC2A914D48008C4CAC /* TypeManagerTableViewCell.swift */ = {isa = PBXFileReference; lastKnownFileType = sourcecode.swift; path = TypeManagerTableViewCell.swift; sourceTree = "<group>"; };
		76B0896B2BEB68FB00EA63D1 /* README.md */ = {isa = PBXFileReference; fileEncoding = 4; lastKnownFileType = net.daringfireball.markdown; path = README.md; sourceTree = SOURCE_ROOT; };
		76F764FB2AFCE8210086C269 /* TextViewTableViewCell.swift */ = {isa = PBXFileReference; lastKnownFileType = sourcecode.swift; path = TextViewTableViewCell.swift; sourceTree = "<group>"; };
/* End PBXFileReference section */

/* Begin PBXFrameworksBuildPhase section */
		7669F5C22A86B461003F75ED /* Frameworks */ = {
			isa = PBXFrameworksBuildPhase;
			buildActionMask = 2147483647;
			files = (
			);
			runOnlyForDeploymentPostprocessing = 0;
		};
/* End PBXFrameworksBuildPhase section */

/* Begin PBXGroup section */
		7669F5BC2A86B461003F75ED = {
			isa = PBXGroup;
			children = (
				7669F5C72A86B461003F75ED /* DailyActivities */,
				7669F5C62A86B461003F75ED /* Products */,
			);
			sourceTree = "<group>";
		};
		7669F5C62A86B461003F75ED /* Products */ = {
			isa = PBXGroup;
			children = (
				7669F5C52A86B461003F75ED /* DailyActivities.app */,
			);
			name = Products;
			sourceTree = "<group>";
		};
		7669F5C72A86B461003F75ED /* DailyActivities */ = {
			isa = PBXGroup;
			children = (
				768A1AEB2A914CFC008C4CAC /* Model */,
				768A1AE72A914CB5008C4CAC /* ViewModel */,
				768A1AEA2A914CDF008C4CAC /* View */,
				767B10732A9541FB00E55ED8 /* EmojiTextField.swift */,
				7638BB9C2B345D1F004DE36D /* ActivityTableViewDiffableDataSource.swift */,
				762313212B13612900A6B238 /* DayActivityChart.swift */,
				7669F5C82A86B461003F75ED /* AppDelegate.swift */,
				7669F5CA2A86B461003F75ED /* SceneDelegate.swift */,
				760EFE772A8BFFE4000C8776 /* UtilityExtensions.swift */,
				76B0896B2BEB68FB00EA63D1 /* README.md */,
				7669F5D12A86B462003F75ED /* Assets.xcassets */,
				7669F5D32A86B462003F75ED /* LaunchScreen.storyboard */,
				7669F5D62A86B462003F75ED /* Info.plist */,
			);
			path = DailyActivities;
			sourceTree = "<group>";
		};
		768A1AE72A914CB5008C4CAC /* ViewModel */ = {
			isa = PBXGroup;
			children = (
				760EFE732A8BFF55000C8776 /* TypeStore.swift */,
				764A92742A991759006402BE /* ActivityStore.swift */,
			);
			path = ViewModel;
			sourceTree = "<group>";
		};
		768A1AEA2A914CDF008C4CAC /* View */ = {
			isa = PBXGroup;
			children = (
				7669F5CC2A86B461003F75ED /* MainViewController.swift */,
				76456DEC2AFBAC6100690A21 /* ActivityEditTableViewController.swift */,
				7642D7452B03E0B90035E225 /* TimeStartTableViewCell.swift */,
				7642D7472B03E8BB0035E225 /* TimeFinishTableViewCell.swift */,
				767CEDF22AFD63FD009CEA4D /* ActivityTypePickerTableViewCell.swift */,
				7642D73F2B035B510035E225 /* SelfSizingCollectionView.swift */,
				767CEDF42B024822009CEA4D /* ActivityTypeCollectionViewCell.swift */,
				76F764FB2AFCE8210086C269 /* TextViewTableViewCell.swift */,
				767B10712A93A70A00E55ED8 /* ColorPickerSection.swift */,
				7669F5DC2A87FA64003F75ED /* NewActivityVIew.swift */,
				760EFE792A8C13D6000C8776 /* TypeManagerTableViewController.swift */,
				5D32F9EC2AC3741E00D82544 /* ActivityTableViewCell.swift */,
				767B106F2A939DF200E55ED8 /* TypeEditorViewController.swift */,
				768A1AEC2A914D48008C4CAC /* TypeManagerTableViewCell.swift */,
			);
			path = View;
			sourceTree = "<group>";
		};
		768A1AEB2A914CFC008C4CAC /* Model */ = {
			isa = PBXGroup;
			children = (
				760EFE752A8BFF73000C8776 /* ActivityType.swift */,
				764A92722A9914B3006402BE /* Activity.swift */,
				5D3858B12B2DEBF300B37CB0 /* ChartData.swift */,
			);
			path = Model;
			sourceTree = "<group>";
		};
/* End PBXGroup section */

/* Begin PBXNativeTarget section */
		7669F5C42A86B461003F75ED /* DailyActivities */ = {
			isa = PBXNativeTarget;
			buildConfigurationList = 7669F5D92A86B462003F75ED /* Build configuration list for PBXNativeTarget "DailyActivities" */;
			buildPhases = (
				7669F5C12A86B461003F75ED /* Sources */,
				7669F5C22A86B461003F75ED /* Frameworks */,
				7669F5C32A86B461003F75ED /* Resources */,
			);
			buildRules = (
			);
			dependencies = (
			);
			name = DailyActivities;
			productName = DailyActivities;
			productReference = 7669F5C52A86B461003F75ED /* DailyActivities.app */;
			productType = "com.apple.product-type.application";
		};
/* End PBXNativeTarget section */

/* Begin PBXProject section */
		7669F5BD2A86B461003F75ED /* Project object */ = {
			isa = PBXProject;
			attributes = {
				BuildIndependentTargetsInParallel = 1;
				LastSwiftUpdateCheck = 1430;
				LastUpgradeCheck = 1500;
				TargetAttributes = {
					7669F5C42A86B461003F75ED = {
						CreatedOnToolsVersion = 14.3.1;
					};
				};
			};
			buildConfigurationList = 7669F5C02A86B461003F75ED /* Build configuration list for PBXProject "DailyActivities" */;
			compatibilityVersion = "Xcode 14.0";
			developmentRegion = en;
			hasScannedForEncodings = 0;
			knownRegions = (
				en,
				Base,
			);
			mainGroup = 7669F5BC2A86B461003F75ED;
			productRefGroup = 7669F5C62A86B461003F75ED /* Products */;
			projectDirPath = "";
			projectRoot = "";
			targets = (
				7669F5C42A86B461003F75ED /* DailyActivities */,
			);
		};
/* End PBXProject section */

/* Begin PBXResourcesBuildPhase section */
		7669F5C32A86B461003F75ED /* Resources */ = {
			isa = PBXResourcesBuildPhase;
			buildActionMask = 2147483647;
			files = (
				76B0896C2BEB68FB00EA63D1 /* README.md in Resources */,
				7669F5D52A86B462003F75ED /* LaunchScreen.storyboard in Resources */,
				7669F5D22A86B462003F75ED /* Assets.xcassets in Resources */,
			);
			runOnlyForDeploymentPostprocessing = 0;
		};
/* End PBXResourcesBuildPhase section */

/* Begin PBXSourcesBuildPhase section */
		7669F5C12A86B461003F75ED /* Sources */ = {
			isa = PBXSourcesBuildPhase;
			buildActionMask = 2147483647;
			files = (
				767B10702A939DF200E55ED8 /* TypeEditorViewController.swift in Sources */,
				767B10742A9541FB00E55ED8 /* EmojiTextField.swift in Sources */,
				764A92732A9914B3006402BE /* Activity.swift in Sources */,
				7642D7482B03E8BB0035E225 /* TimeFinishTableViewCell.swift in Sources */,
				76F764FC2AFCE8210086C269 /* TextViewTableViewCell.swift in Sources */,
				7642D7462B03E0B90035E225 /* TimeStartTableViewCell.swift in Sources */,
				7669F5CD2A86B461003F75ED /* MainViewController.swift in Sources */,
				7669F5C92A86B461003F75ED /* AppDelegate.swift in Sources */,
				5D32F9ED2AC3741E00D82544 /* ActivityTableViewCell.swift in Sources */,
				7669F5DD2A87FA64003F75ED /* NewActivityVIew.swift in Sources */,
				767CEDF32AFD63FD009CEA4D /* ActivityTypePickerTableViewCell.swift in Sources */,
				760EFE782A8BFFE4000C8776 /* UtilityExtensions.swift in Sources */,
				7669F5CB2A86B461003F75ED /* SceneDelegate.swift in Sources */,
				760EFE762A8BFF73000C8776 /* ActivityType.swift in Sources */,
				762313222B13612900A6B238 /* DayActivityChart.swift in Sources */,
				76456DED2AFBAC6100690A21 /* ActivityEditTableViewController.swift in Sources */,
				760EFE7A2A8C13D6000C8776 /* TypeManagerTableViewController.swift in Sources */,
				768A1AED2A914D48008C4CAC /* TypeManagerTableViewCell.swift in Sources */,
				764A92752A991759006402BE /* ActivityStore.swift in Sources */,
				760EFE742A8BFF55000C8776 /* TypeStore.swift in Sources */,
				5D3858B22B2DEBF300B37CB0 /* ChartData.swift in Sources */,
				767CEDF52B024822009CEA4D /* ActivityTypeCollectionViewCell.swift in Sources */,
				7642D7402B035B510035E225 /* SelfSizingCollectionView.swift in Sources */,
				7638BB9D2B345D1F004DE36D /* ActivityTableViewDiffableDataSource.swift in Sources */,
				767B10722A93A70A00E55ED8 /* ColorPickerSection.swift in Sources */,
			);
			runOnlyForDeploymentPostprocessing = 0;
		};
/* End PBXSourcesBuildPhase section */

/* Begin PBXVariantGroup section */
		7669F5D32A86B462003F75ED /* LaunchScreen.storyboard */ = {
			isa = PBXVariantGroup;
			children = (
				7669F5D42A86B462003F75ED /* Base */,
			);
			name = LaunchScreen.storyboard;
			sourceTree = "<group>";
		};
/* End PBXVariantGroup section */

/* Begin XCBuildConfiguration section */
		7669F5D72A86B462003F75ED /* Debug */ = {
			isa = XCBuildConfiguration;
			buildSettings = {
				ALWAYS_SEARCH_USER_PATHS = NO;
				CLANG_ANALYZER_NONNULL = YES;
				CLANG_ANALYZER_NUMBER_OBJECT_CONVERSION = YES_AGGRESSIVE;
				CLANG_CXX_LANGUAGE_STANDARD = "gnu++20";
				CLANG_ENABLE_MODULES = YES;
				CLANG_ENABLE_OBJC_ARC = YES;
				CLANG_ENABLE_OBJC_WEAK = YES;
				CLANG_WARN_BLOCK_CAPTURE_AUTORELEASING = YES;
				CLANG_WARN_BOOL_CONVERSION = YES;
				CLANG_WARN_COMMA = YES;
				CLANG_WARN_CONSTANT_CONVERSION = YES;
				CLANG_WARN_DEPRECATED_OBJC_IMPLEMENTATIONS = YES;
				CLANG_WARN_DIRECT_OBJC_ISA_USAGE = YES_ERROR;
				CLANG_WARN_DOCUMENTATION_COMMENTS = YES;
				CLANG_WARN_EMPTY_BODY = YES;
				CLANG_WARN_ENUM_CONVERSION = YES;
				CLANG_WARN_INFINITE_RECURSION = YES;
				CLANG_WARN_INT_CONVERSION = YES;
				CLANG_WARN_NON_LITERAL_NULL_CONVERSION = YES;
				CLANG_WARN_OBJC_IMPLICIT_RETAIN_SELF = YES;
				CLANG_WARN_OBJC_LITERAL_CONVERSION = YES;
				CLANG_WARN_OBJC_ROOT_CLASS = YES_ERROR;
				CLANG_WARN_QUOTED_INCLUDE_IN_FRAMEWORK_HEADER = YES;
				CLANG_WARN_RANGE_LOOP_ANALYSIS = YES;
				CLANG_WARN_STRICT_PROTOTYPES = YES;
				CLANG_WARN_SUSPICIOUS_MOVE = YES;
				CLANG_WARN_UNGUARDED_AVAILABILITY = YES_AGGRESSIVE;
				CLANG_WARN_UNREACHABLE_CODE = YES;
				CLANG_WARN__DUPLICATE_METHOD_MATCH = YES;
				COPY_PHASE_STRIP = NO;
				DEBUG_INFORMATION_FORMAT = dwarf;
				ENABLE_STRICT_OBJC_MSGSEND = YES;
				ENABLE_TESTABILITY = YES;
				ENABLE_USER_SCRIPT_SANDBOXING = YES;
				GCC_C_LANGUAGE_STANDARD = gnu11;
				GCC_DYNAMIC_NO_PIC = NO;
				GCC_NO_COMMON_BLOCKS = YES;
				GCC_OPTIMIZATION_LEVEL = 0;
				GCC_PREPROCESSOR_DEFINITIONS = (
					"DEBUG=1",
					"$(inherited)",
				);
				GCC_WARN_64_TO_32_BIT_CONVERSION = YES;
				GCC_WARN_ABOUT_RETURN_TYPE = YES_ERROR;
				GCC_WARN_UNDECLARED_SELECTOR = YES;
				GCC_WARN_UNINITIALIZED_AUTOS = YES_AGGRESSIVE;
				GCC_WARN_UNUSED_FUNCTION = YES;
				GCC_WARN_UNUSED_VARIABLE = YES;
				IPHONEOS_DEPLOYMENT_TARGET = 17.4;
				MTL_ENABLE_DEBUG_INFO = INCLUDE_SOURCE;
				MTL_FAST_MATH = YES;
				ONLY_ACTIVE_ARCH = YES;
				SDKROOT = iphoneos;
				SWIFT_ACTIVE_COMPILATION_CONDITIONS = DEBUG;
				SWIFT_OPTIMIZATION_LEVEL = "-Onone";
				SWIFT_VERSION = 5.0;
			};
			name = Debug;
		};
		7669F5D82A86B462003F75ED /* Release */ = {
			isa = XCBuildConfiguration;
			buildSettings = {
				ALWAYS_SEARCH_USER_PATHS = NO;
				CLANG_ANALYZER_NONNULL = YES;
				CLANG_ANALYZER_NUMBER_OBJECT_CONVERSION = YES_AGGRESSIVE;
				CLANG_CXX_LANGUAGE_STANDARD = "gnu++20";
				CLANG_ENABLE_MODULES = YES;
				CLANG_ENABLE_OBJC_ARC = YES;
				CLANG_ENABLE_OBJC_WEAK = YES;
				CLANG_WARN_BLOCK_CAPTURE_AUTORELEASING = YES;
				CLANG_WARN_BOOL_CONVERSION = YES;
				CLANG_WARN_COMMA = YES;
				CLANG_WARN_CONSTANT_CONVERSION = YES;
				CLANG_WARN_DEPRECATED_OBJC_IMPLEMENTATIONS = YES;
				CLANG_WARN_DIRECT_OBJC_ISA_USAGE = YES_ERROR;
				CLANG_WARN_DOCUMENTATION_COMMENTS = YES;
				CLANG_WARN_EMPTY_BODY = YES;
				CLANG_WARN_ENUM_CONVERSION = YES;
				CLANG_WARN_INFINITE_RECURSION = YES;
				CLANG_WARN_INT_CONVERSION = YES;
				CLANG_WARN_NON_LITERAL_NULL_CONVERSION = YES;
				CLANG_WARN_OBJC_IMPLICIT_RETAIN_SELF = YES;
				CLANG_WARN_OBJC_LITERAL_CONVERSION = YES;
				CLANG_WARN_OBJC_ROOT_CLASS = YES_ERROR;
				CLANG_WARN_QUOTED_INCLUDE_IN_FRAMEWORK_HEADER = YES;
				CLANG_WARN_RANGE_LOOP_ANALYSIS = YES;
				CLANG_WARN_STRICT_PROTOTYPES = YES;
				CLANG_WARN_SUSPICIOUS_MOVE = YES;
				CLANG_WARN_UNGUARDED_AVAILABILITY = YES_AGGRESSIVE;
				CLANG_WARN_UNREACHABLE_CODE = YES;
				CLANG_WARN__DUPLICATE_METHOD_MATCH = YES;
				COPY_PHASE_STRIP = NO;
				DEBUG_INFORMATION_FORMAT = "dwarf-with-dsym";
				ENABLE_NS_ASSERTIONS = NO;
				ENABLE_STRICT_OBJC_MSGSEND = YES;
				ENABLE_USER_SCRIPT_SANDBOXING = YES;
				GCC_C_LANGUAGE_STANDARD = gnu11;
				GCC_NO_COMMON_BLOCKS = YES;
				GCC_WARN_64_TO_32_BIT_CONVERSION = YES;
				GCC_WARN_ABOUT_RETURN_TYPE = YES_ERROR;
				GCC_WARN_UNDECLARED_SELECTOR = YES;
				GCC_WARN_UNINITIALIZED_AUTOS = YES_AGGRESSIVE;
				GCC_WARN_UNUSED_FUNCTION = YES;
				GCC_WARN_UNUSED_VARIABLE = YES;
				IPHONEOS_DEPLOYMENT_TARGET = 17.4;
				MTL_ENABLE_DEBUG_INFO = NO;
				MTL_FAST_MATH = YES;
				SDKROOT = iphoneos;
				SWIFT_COMPILATION_MODE = wholemodule;
				SWIFT_OPTIMIZATION_LEVEL = "-O";
				SWIFT_VERSION = 5.0;
				VALIDATE_PRODUCT = YES;
			};
			name = Release;
		};
		7669F5DA2A86B462003F75ED /* Debug */ = {
			isa = XCBuildConfiguration;
			buildSettings = {
				ASSETCATALOG_COMPILER_APPICON_NAME = AppIcon;
				ASSETCATALOG_COMPILER_GLOBAL_ACCENT_COLOR_NAME = AccentColor;
				CODE_SIGN_STYLE = Automatic;
				CURRENT_PROJECT_VERSION = 1;
				DEVELOPMENT_TEAM = C27NM5L469;
				GENERATE_INFOPLIST_FILE = YES;
				INFOPLIST_FILE = DailyActivities/Info.plist;
				INFOPLIST_KEY_UIApplicationSupportsIndirectInputEvents = YES;
				INFOPLIST_KEY_UILaunchStoryboardName = LaunchScreen;
				INFOPLIST_KEY_UIMainStoryboardFile = "";
				INFOPLIST_KEY_UISupportedInterfaceOrientations_iPad = "UIInterfaceOrientationPortrait UIInterfaceOrientationPortraitUpsideDown UIInterfaceOrientationLandscapeLeft UIInterfaceOrientationLandscapeRight";
				INFOPLIST_KEY_UISupportedInterfaceOrientations_iPhone = "UIInterfaceOrientationPortrait UIInterfaceOrientationLandscapeLeft UIInterfaceOrientationLandscapeRight";
				LD_RUNPATH_SEARCH_PATHS = (
					"$(inherited)",
					"@executable_path/Frameworks",
				);
				MARKETING_VERSION = 1.0;
				PRODUCT_BUNDLE_IDENTIFIER = kavretsky.DailyActivities;
				PRODUCT_NAME = "$(TARGET_NAME)";
				SWIFT_EMIT_LOC_STRINGS = YES;
				SWIFT_VERSION = 5.0;
				TARGETED_DEVICE_FAMILY = "1,2";
			};
			name = Debug;
		};
		7669F5DB2A86B462003F75ED /* Release */ = {
			isa = XCBuildConfiguration;
			buildSettings = {
				ASSETCATALOG_COMPILER_APPICON_NAME = AppIcon;
				ASSETCATALOG_COMPILER_GLOBAL_ACCENT_COLOR_NAME = AccentColor;
				CODE_SIGN_STYLE = Automatic;
				CURRENT_PROJECT_VERSION = 1;
				DEVELOPMENT_TEAM = C27NM5L469;
				GENERATE_INFOPLIST_FILE = YES;
				INFOPLIST_FILE = DailyActivities/Info.plist;
				INFOPLIST_KEY_UIApplicationSupportsIndirectInputEvents = YES;
				INFOPLIST_KEY_UILaunchStoryboardName = LaunchScreen;
				INFOPLIST_KEY_UIMainStoryboardFile = "";
				INFOPLIST_KEY_UISupportedInterfaceOrientations_iPad = "UIInterfaceOrientationPortrait UIInterfaceOrientationPortraitUpsideDown UIInterfaceOrientationLandscapeLeft UIInterfaceOrientationLandscapeRight";
				INFOPLIST_KEY_UISupportedInterfaceOrientations_iPhone = "UIInterfaceOrientationPortrait UIInterfaceOrientationLandscapeLeft UIInterfaceOrientationLandscapeRight";
				LD_RUNPATH_SEARCH_PATHS = (
					"$(inherited)",
					"@executable_path/Frameworks",
				);
				MARKETING_VERSION = 1.0;
				PRODUCT_BUNDLE_IDENTIFIER = kavretsky.DailyActivities;
				PRODUCT_NAME = "$(TARGET_NAME)";
				SWIFT_EMIT_LOC_STRINGS = YES;
				SWIFT_VERSION = 5.0;
				TARGETED_DEVICE_FAMILY = "1,2";
			};
			name = Release;
		};
/* End XCBuildConfiguration section */

/* Begin XCConfigurationList section */
		7669F5C02A86B461003F75ED /* Build configuration list for PBXProject "DailyActivities" */ = {
			isa = XCConfigurationList;
			buildConfigurations = (
				7669F5D72A86B462003F75ED /* Debug */,
				7669F5D82A86B462003F75ED /* Release */,
			);
			defaultConfigurationIsVisible = 0;
			defaultConfigurationName = Release;
		};
		7669F5D92A86B462003F75ED /* Build configuration list for PBXNativeTarget "DailyActivities" */ = {
			isa = XCConfigurationList;
			buildConfigurations = (
				7669F5DA2A86B462003F75ED /* Debug */,
				7669F5DB2A86B462003F75ED /* Release */,
			);
			defaultConfigurationIsVisible = 0;
			defaultConfigurationName = Release;
		};
/* End XCConfigurationList section */
	};
	rootObject = 7669F5BD2A86B461003F75ED /* Project object */;
}
